convert:
  cmd: python -m weasel run convert
  script:
    - python scripts/convert.py fr ../../data/external/projet-de-plan-national-d-actions-2024-2029-sur-le-a2940_cat.csv
      corpus/train.spacy corpus/dev.spacy
  deps:
    - path: ../../data/external/projet-de-plan-national-d-actions-2024-2029-sur-le-a2940_cat.csv
      md5: f50c020b95f1e203a746d0e7665b24c3
    - path: scripts/convert.py
      md5: 87a6a978eb59ce037757a0c30e9be040
  outs:
    - path: corpus/train.spacy
      md5: e6f604dad8c0594eff4d0868aaeb3de9
    - path: corpus/dev.spacy
      md5: a873821e33a736511e44b875a67025d1
train:
  cmd: python -m weasel run train
  script:
    - python -m spacy train configs/config.cfg --output training/ --paths.train corpus/train.spacy
      --paths.dev corpus/dev.spacy --nlp.lang fr --gpu-id -1
  deps:
    - path: configs/config.cfg
      md5: c76b77256fa7257156504836035bddcf
    - path: corpus/train.spacy
      md5: e6f604dad8c0594eff4d0868aaeb3de9
    - path: corpus/dev.spacy
      md5: a873821e33a736511e44b875a67025d1
  outs:
    - path: training/model-best
      md5: 2c3424c3027f142e98cf6446b525270c
evaluate:
  cmd: python -m weasel run evaluate
  script:
    - python -m spacy evaluate training/model-best corpus/dev.spacy --output training/metrics.json
  deps:
    - path: corpus/dev.spacy
      md5: a873821e33a736511e44b875a67025d1
    - path: training/model-best
      md5: 2c3424c3027f142e98cf6446b525270c
  outs:
    - path: training/metrics.json
      md5: 06bdc54c8cfe5adc5387525d3b08c5f0
package:
  cmd: python -m weasel run package
  script:
    - python -m spacy package training/model-best packages --name projet_de_pna_loup
      --version 0.0.1 --force
  deps:
    - path: training/model-best
      md5: 2c3424c3027f142e98cf6446b525270c
  outs:
    - path: packages/fr_projet_de_pna_loup-0.0.1/dist/fr_projet_de_pna_loup-0.0.1.tar.gz
      md5: 3906d41e945ab8063ef6d51f992de269
